{
  "requires": true,
  "lockfileVersion": 1,
  "dependencies": {
    "links-mark": {
      "version": "1.0.0",
      "resolved": "https://registry.npmjs.org/links-mark/-/links-mark-1.0.0.tgz",
      "integrity": "sha512-PBLBnglvjKorrhZAM5PP2pLWEWUxB43tW6Ubx6zJB22aNUJaWLwPVDpp4rpt50k8dT1dlVK6EsGfKf/9qxaVrw=="
    }
  }
}
